
Microsoft Visual Studio Solution File, Format Version 12.00
# Visual Studio Version 16
VisualStudioVersion = 16.0.30717.126
MinimumVisualStudioVersion = 10.0.40219.1
Project("{2150E333-8FDC-42A3-9474-1A3956D46DE8}") = "0 Utils", "0 Utils", "{805E5D75-A5BC-4911-A531-31C04CD79DB3}"
EndProject
Project("{2150E333-8FDC-42A3-9474-1A3956D46DE8}") = "1 Domain", "1 Domain", "{378094FF-DD7B-4815-8167-0E4CA3FA1E71}"
EndProject
Project("{2150E333-8FDC-42A3-9474-1A3956D46DE8}") = "3 UseCases", "3 UseCases", "{F85DA909-9D6B-49C9-BFD0-40A94886BC07}"
EndProject
Project("{2150E333-8FDC-42A3-9474-1A3956D46DE8}") = "4 Infrastructure", "4 Infrastructure", "{98D65C71-9675-45D7-AC64-62DE4E82EA2A}"
EndProject
Project("{2150E333-8FDC-42A3-9474-1A3956D46DE8}") = "5 Frameworks", "5 Frameworks", "{2D5F0164-AD1B-4212-A1DC-0FBE2C4E536D}"
EndProject
Project("{9A19103F-16F7-4668-BE54-9A1E7A4F7556}") = "GideonMarket.Utils", "GideonMarket.Utils\GideonMarket.Utils.csproj", "{D9572364-4C7A-4639-AEF4-1EDD09936C0C}"
EndProject
Project("{9A19103F-16F7-4668-BE54-9A1E7A4F7556}") = "GideonMarket.Domain", "GideonMarket.Domain\GideonMarket.Domain.csproj", "{5989B826-5D41-44EE-ABD7-AF7516287401}"
EndProject
Project("{2150E333-8FDC-42A3-9474-1A3956D46DE8}") = "2 Infrastructure.Interfaces", "2 Infrastructure.Interfaces", "{EB3AE75D-7A15-4FC9-BDDF-C5E8261BD773}"
EndProject
Project("{9A19103F-16F7-4668-BE54-9A1E7A4F7556}") = "GideonMarket.UseCases", "GideonMarket.UseCases\GideonMarket.UseCases.csproj", "{C71767BD-3245-4581-B4C6-5043142FA7D6}"
EndProject
Project("{9A19103F-16F7-4668-BE54-9A1E7A4F7556}") = "GideonMarket.Web.Server", "GideonMarket.Web\Server\GideonMarket.Web.Server.csproj", "{992BCB80-943A-49CB-A0AC-6ABDECB4E231}"
EndProject
Project("{9A19103F-16F7-4668-BE54-9A1E7A4F7556}") = "GideonMarket.Web.Client", "GideonMarket.Web\Client\GideonMarket.Web.Client.csproj", "{48E5EA6F-02D0-4ED6-99CB-D53622C79EAF}"
EndProject
Project("{9A19103F-16F7-4668-BE54-9A1E7A4F7556}") = "GideonMarket.Web.Shared", "GideonMarket.Web\Shared\GideonMarket.Web.Shared.csproj", "{FF20C214-AAA1-4618-90D3-F13AC59F854F}"
EndProject
Project("{9A19103F-16F7-4668-BE54-9A1E7A4F7556}") = "GideonMarket.DataAccess.MsSql", "GideonMarket.DataAccess.MsSql\GideonMarket.DataAccess.MsSql.csproj", "{A355A41B-1D64-4E03-B404-19925EF2319E}"
EndProject
Project("{9A19103F-16F7-4668-BE54-9A1E7A4F7556}") = "GideonMarket.Infrastructure", "GideonMarket.Infrastructure\GideonMarket.Infrastructure.csproj", "{79E452C9-E72A-40ED-A379-5DFF557DCE35}"
EndProject
Project("{9A19103F-16F7-4668-BE54-9A1E7A4F7556}") = "GideonMarket.Infrastructure.Interfaces", "GideonMarket.Infrastructure.Interfaces\GideonMarket.Infrastructure.Interfaces.csproj", "{9131C156-4193-4C32-901C-00332AA72781}"
EndProject
Project("{2150E333-8FDC-42A3-9474-1A3956D46DE8}") = "src", "src", "{C344495F-B1FC-4BE0-92DA-A7B7A19790AD}"
EndProject
Project("{2150E333-8FDC-42A3-9474-1A3956D46DE8}") = "tests", "tests", "{C9900670-3667-4EDD-A0EA-91F1D15362F3}"
EndProject
Project("{9A19103F-16F7-4668-BE54-9A1E7A4F7556}") = "GideonMarket.Domain.Tests", "GideonMarket.Domain.Tests\GideonMarket.Domain.Tests.csproj", "{19A2F75D-8034-4E52-872F-EADCE242A6A8}"
	ProjectSection(ProjectDependencies) = postProject
		{5989B826-5D41-44EE-ABD7-AF7516287401} = {5989B826-5D41-44EE-ABD7-AF7516287401}
	EndProjectSection
EndProject
Global
	GlobalSection(SolutionConfigurationPlatforms) = preSolution
		Debug|Any CPU = Debug|Any CPU
		Release|Any CPU = Release|Any CPU
	EndGlobalSection
	GlobalSection(ProjectConfigurationPlatforms) = postSolution
		{D9572364-4C7A-4639-AEF4-1EDD09936C0C}.Debug|Any CPU.ActiveCfg = Debug|Any CPU
		{D9572364-4C7A-4639-AEF4-1EDD09936C0C}.Debug|Any CPU.Build.0 = Debug|Any CPU
		{D9572364-4C7A-4639-AEF4-1EDD09936C0C}.Release|Any CPU.ActiveCfg = Release|Any CPU
		{D9572364-4C7A-4639-AEF4-1EDD09936C0C}.Release|Any CPU.Build.0 = Release|Any CPU
		{5989B826-5D41-44EE-ABD7-AF7516287401}.Debug|Any CPU.ActiveCfg = Debug|Any CPU
		{5989B826-5D41-44EE-ABD7-AF7516287401}.Debug|Any CPU.Build.0 = Debug|Any CPU
		{5989B826-5D41-44EE-ABD7-AF7516287401}.Release|Any CPU.ActiveCfg = Release|Any CPU
		{5989B826-5D41-44EE-ABD7-AF7516287401}.Release|Any CPU.Build.0 = Release|Any CPU
		{C71767BD-3245-4581-B4C6-5043142FA7D6}.Debug|Any CPU.ActiveCfg = Debug|Any CPU
		{C71767BD-3245-4581-B4C6-5043142FA7D6}.Debug|Any CPU.Build.0 = Debug|Any CPU
		{C71767BD-3245-4581-B4C6-5043142FA7D6}.Release|Any CPU.ActiveCfg = Release|Any CPU
		{C71767BD-3245-4581-B4C6-5043142FA7D6}.Release|Any CPU.Build.0 = Release|Any CPU
		{992BCB80-943A-49CB-A0AC-6ABDECB4E231}.Debug|Any CPU.ActiveCfg = Debug|Any CPU
		{992BCB80-943A-49CB-A0AC-6ABDECB4E231}.Debug|Any CPU.Build.0 = Debug|Any CPU
		{992BCB80-943A-49CB-A0AC-6ABDECB4E231}.Release|Any CPU.ActiveCfg = Release|Any CPU
		{992BCB80-943A-49CB-A0AC-6ABDECB4E231}.Release|Any CPU.Build.0 = Release|Any CPU
		{48E5EA6F-02D0-4ED6-99CB-D53622C79EAF}.Debug|Any CPU.ActiveCfg = Debug|Any CPU
		{48E5EA6F-02D0-4ED6-99CB-D53622C79EAF}.Debug|Any CPU.Build.0 = Debug|Any CPU
		{48E5EA6F-02D0-4ED6-99CB-D53622C79EAF}.Release|Any CPU.ActiveCfg = Release|Any CPU
		{48E5EA6F-02D0-4ED6-99CB-D53622C79EAF}.Release|Any CPU.Build.0 = Release|Any CPU
		{FF20C214-AAA1-4618-90D3-F13AC59F854F}.Debug|Any CPU.ActiveCfg = Debug|Any CPU
		{FF20C214-AAA1-4618-90D3-F13AC59F854F}.Debug|Any CPU.Build.0 = Debug|Any CPU
		{FF20C214-AAA1-4618-90D3-F13AC59F854F}.Release|Any CPU.ActiveCfg = Release|Any CPU
		{FF20C214-AAA1-4618-90D3-F13AC59F854F}.Release|Any CPU.Build.0 = Release|Any CPU
		{A355A41B-1D64-4E03-B404-19925EF2319E}.Debug|Any CPU.ActiveCfg = Debug|Any CPU
		{A355A41B-1D64-4E03-B404-19925EF2319E}.Debug|Any CPU.Build.0 = Debug|Any CPU
		{A355A41B-1D64-4E03-B404-19925EF2319E}.Release|Any CPU.ActiveCfg = Release|Any CPU
		{A355A41B-1D64-4E03-B404-19925EF2319E}.Release|Any CPU.Build.0 = Release|Any CPU
		{79E452C9-E72A-40ED-A379-5DFF557DCE35}.Debug|Any CPU.ActiveCfg = Debug|Any CPU
		{79E452C9-E72A-40ED-A379-5DFF557DCE35}.Debug|Any CPU.Build.0 = Debug|Any CPU
		{79E452C9-E72A-40ED-A379-5DFF557DCE35}.Release|Any CPU.ActiveCfg = Release|Any CPU
		{79E452C9-E72A-40ED-A379-5DFF557DCE35}.Release|Any CPU.Build.0 = Release|Any CPU
		{9131C156-4193-4C32-901C-00332AA72781}.Debug|Any CPU.ActiveCfg = Debug|Any CPU
		{9131C156-4193-4C32-901C-00332AA72781}.Debug|Any CPU.Build.0 = Debug|Any CPU
		{9131C156-4193-4C32-901C-00332AA72781}.Release|Any CPU.ActiveCfg = Release|Any CPU
		{9131C156-4193-4C32-901C-00332AA72781}.Release|Any CPU.Build.0 = Release|Any CPU
		{19A2F75D-8034-4E52-872F-EADCE242A6A8}.Debug|Any CPU.ActiveCfg = Debug|Any CPU
		{19A2F75D-8034-4E52-872F-EADCE242A6A8}.Debug|Any CPU.Build.0 = Debug|Any CPU
		{19A2F75D-8034-4E52-872F-EADCE242A6A8}.Release|Any CPU.ActiveCfg = Release|Any CPU
		{19A2F75D-8034-4E52-872F-EADCE242A6A8}.Release|Any CPU.Build.0 = Release|Any CPU
	EndGlobalSection
	GlobalSection(SolutionProperties) = preSolution
		HideSolutionNode = FALSE
	EndGlobalSection
	GlobalSection(NestedProjects) = preSolution
		{805E5D75-A5BC-4911-A531-31C04CD79DB3} = {C344495F-B1FC-4BE0-92DA-A7B7A19790AD}
		{378094FF-DD7B-4815-8167-0E4CA3FA1E71} = {C344495F-B1FC-4BE0-92DA-A7B7A19790AD}
		{F85DA909-9D6B-49C9-BFD0-40A94886BC07} = {C344495F-B1FC-4BE0-92DA-A7B7A19790AD}
		{98D65C71-9675-45D7-AC64-62DE4E82EA2A} = {C344495F-B1FC-4BE0-92DA-A7B7A19790AD}
		{2D5F0164-AD1B-4212-A1DC-0FBE2C4E536D} = {C344495F-B1FC-4BE0-92DA-A7B7A19790AD}
		{D9572364-4C7A-4639-AEF4-1EDD09936C0C} = {805E5D75-A5BC-4911-A531-31C04CD79DB3}
		{5989B826-5D41-44EE-ABD7-AF7516287401} = {378094FF-DD7B-4815-8167-0E4CA3FA1E71}
		{EB3AE75D-7A15-4FC9-BDDF-C5E8261BD773} = {C344495F-B1FC-4BE0-92DA-A7B7A19790AD}
		{C71767BD-3245-4581-B4C6-5043142FA7D6} = {F85DA909-9D6B-49C9-BFD0-40A94886BC07}
		{992BCB80-943A-49CB-A0AC-6ABDECB4E231} = {2D5F0164-AD1B-4212-A1DC-0FBE2C4E536D}
		{48E5EA6F-02D0-4ED6-99CB-D53622C79EAF} = {2D5F0164-AD1B-4212-A1DC-0FBE2C4E536D}
		{FF20C214-AAA1-4618-90D3-F13AC59F854F} = {2D5F0164-AD1B-4212-A1DC-0FBE2C4E536D}
		{A355A41B-1D64-4E03-B404-19925EF2319E} = {98D65C71-9675-45D7-AC64-62DE4E82EA2A}
		{79E452C9-E72A-40ED-A379-5DFF557DCE35} = {98D65C71-9675-45D7-AC64-62DE4E82EA2A}
		{9131C156-4193-4C32-901C-00332AA72781} = {EB3AE75D-7A15-4FC9-BDDF-C5E8261BD773}
		{19A2F75D-8034-4E52-872F-EADCE242A6A8} = {C9900670-3667-4EDD-A0EA-91F1D15362F3}
	EndGlobalSection
	GlobalSection(ExtensibilityGlobals) = postSolution
		SolutionGuid = {4ABDB05F-6763-4F89-91A0-FBDB45DBE264}
	EndGlobalSection
EndGlobal
